
Microsoft Visual Studio Solution File, Format Version 12.00
# Visual Studio 14
VisualStudioVersion = 14.0.25420.1
MinimumVisualStudioVersion = 10.0.40219.1
Project("{FAE04EC0-301F-11D3-BF4B-00C04F79EFBC}") = "MySystem", "..\MySystem\MySystem\MySystem.csproj", "{834D55D8-261A-4F5E-B9CE-B529EF16BB88}"
EndProject
Project("{FAE04EC0-301F-11D3-BF4B-00C04F79EFBC}") = "Console Test", "..\Console Test\Console Test\Console Test.csproj", "{C1F33453-438E-4060-AB0D-5C00E3DDD88D}"
EndProject
Project("{FAE04EC0-301F-11D3-BF4B-00C04F79EFBC}") = "Agent", "Agent\Agent.csproj", "{FB890A8B-B1AB-4931-B0CF-75FBDAC408AC}"
EndProject
Global
	GlobalSection(SolutionConfigurationPlatforms) = preSolution
		Debug|Any CPU = Debug|Any CPU
		Release|Any CPU = Release|Any CPU
	EndGlobalSection
	GlobalSection(ProjectConfigurationPlatforms) = postSolution
		{834D55D8-261A-4F5E-B9CE-B529EF16BB88}.Debug|Any CPU.ActiveCfg = Debug|Any CPU
		{834D55D8-261A-4F5E-B9CE-B529EF16BB88}.Debug|Any CPU.Build.0 = Debug|Any CPU
		{834D55D8-261A-4F5E-B9CE-B529EF16BB88}.Release|Any CPU.ActiveCfg = Release|Any CPU
		{834D55D8-261A-4F5E-B9CE-B529EF16BB88}.Release|Any CPU.Build.0 = Release|Any CPU
		{C1F33453-438E-4060-AB0D-5C00E3DDD88D}.Debug|Any CPU.ActiveCfg = Debug|Any CPU
		{C1F33453-438E-4060-AB0D-5C00E3DDD88D}.Debug|Any CPU.Build.0 = Debug|Any CPU
		{C1F33453-438E-4060-AB0D-5C00E3DDD88D}.Release|Any CPU.ActiveCfg = Release|Any CPU
		{C1F33453-438E-4060-AB0D-5C00E3DDD88D}.Release|Any CPU.Build.0 = Release|Any CPU
		{FB890A8B-B1AB-4931-B0CF-75FBDAC408AC}.Debug|Any CPU.ActiveCfg = Debug|Any CPU
		{FB890A8B-B1AB-4931-B0CF-75FBDAC408AC}.Debug|Any CPU.Build.0 = Debug|Any CPU
		{FB890A8B-B1AB-4931-B0CF-75FBDAC408AC}.Release|Any CPU.ActiveCfg = Release|Any CPU
		{FB890A8B-B1AB-4931-B0CF-75FBDAC408AC}.Release|Any CPU.Build.0 = Release|Any CPU
	EndGlobalSection
	GlobalSection(SolutionProperties) = preSolution
		HideSolutionNode = FALSE
	EndGlobalSection
EndGlobal
