
Microsoft Visual Studio Solution File, Format Version 9.00
# Visual Studio 2005
Project("{FAE04EC0-301F-11D3-BF4B-00C04F79EFBC}") = "INIFileTest", "INIFileTest.csproj", "{2F8B665C-405E-4868-A0F2-A78DF0B08FE6}"
EndProject
Global
	GlobalSection(SolutionConfigurationPlatforms) = preSolution
		Debug|Any CPU = Debug|Any CPU
		Release|Any CPU = Release|Any CPU
	EndGlobalSection
	GlobalSection(ProjectConfigurationPlatforms) = postSolution
		{2F8B665C-405E-4868-A0F2-A78DF0B08FE6}.Debug|Any CPU.ActiveCfg = Debug|Any CPU
		{2F8B665C-405E-4868-A0F2-A78DF0B08FE6}.Debug|Any CPU.Build.0 = Debug|Any CPU
		{2F8B665C-405E-4868-A0F2-A78DF0B08FE6}.Release|Any CPU.ActiveCfg = Release|Any CPU
		{2F8B665C-405E-4868-A0F2-A78DF0B08FE6}.Release|Any CPU.Build.0 = Release|Any CPU
	EndGlobalSection
	GlobalSection(MonoDevelopProperties) = preSolution
		name = INIFileTest
		version = 0.1
		StartupItem = INIFileTest.csproj
	EndGlobalSection
EndGlobal
